
Microsoft Visual Studio Solution File, Format Version 12.00
# Visual Studio Version 16
VisualStudioVersion = 16.0.28803.202
MinimumVisualStudioVersion = 10.0.40219.1
Project("{2150E333-8FDC-42A3-9474-1A3956D46DE8}") = "tests", "tests", "{0CEB99EE-969C-4A1D-841F-D22E4ADCC5F1}"
EndProject
Project("{9A19103F-16F7-4668-BE54-9A1E7A4F7556}") = "MSFramework", "src\MSFramework\MSFramework.csproj", "{1E790E6F-3E16-4221-B646-6BB1C252698F}"
EndProject
Project("{9A19103F-16F7-4668-BE54-9A1E7A4F7556}") = "MSFramework.Tests", "tests\MSFramework.Tests\MSFramework.Tests.csproj", "{078A8534-7C83-4095-B756-6EBA700DBB12}"
EndProject
Project("{2150E333-8FDC-42A3-9474-1A3956D46DE8}") = "Solution Items", "Solution Items", "{BC443640-DE89-431B-AD8F-061AA22C8654}"
	ProjectSection(SolutionItems) = preProject
		.editorconfig = .editorconfig
		.gitignore = .gitignore
		LICENSE = LICENSE
		publish_nuget_packages.sh = publish_nuget_packages.sh
		publish_my_packages.sh = publish_my_packages.sh
		publish.sh = publish.sh
		README.md = README.md
		nuget.config = nuget.config
		package.props = package.props
		publish_template.sh = publish_template.sh
		template\MSFramework.API.Template.nuspec = template\MSFramework.API.Template.nuspec
	EndProjectSection
EndProject
Project("{2150E333-8FDC-42A3-9474-1A3956D46DE8}") = "src", "src", "{BC00DC54-17AB-455D-AE75-FDF74923FC13}"
EndProject
Project("{2150E333-8FDC-42A3-9474-1A3956D46DE8}") = "01 - Framework", "01 - Framework", "{AFD16F00-F810-4A3C-BA74-59BBFBC2469D}"
EndProject
Project("{2150E333-8FDC-42A3-9474-1A3956D46DE8}") = "02 - Sample", "02 - Sample", "{6B2B536E-98CD-49AB-953C-A77611C06C9B}"
EndProject
Project("{2150E333-8FDC-42A3-9474-1A3956D46DE8}") = "Ordering", "Ordering", "{47747049-F28E-4474-B09F-E98147F91C83}"
EndProject
Project("{9A19103F-16F7-4668-BE54-9A1E7A4F7556}") = "Ordering.Infrastructure", "src\Ordering.Infrastructure\Ordering.Infrastructure.csproj", "{3EAF5009-6B3E-4158-A79B-21DBDD780159}"
EndProject
Project("{9A19103F-16F7-4668-BE54-9A1E7A4F7556}") = "Ordering.Domain", "src\Ordering.Domain\Ordering.Domain.csproj", "{1BE72CB2-082D-499B-BA03-3170DDD45657}"
EndProject
Project("{9A19103F-16F7-4668-BE54-9A1E7A4F7556}") = "Ordering.API", "src\Ordering.API\Ordering.API.csproj", "{08D3B5A7-23B5-4CBB-9401-5CEFB120D913}"
EndProject
Project("{9A19103F-16F7-4668-BE54-9A1E7A4F7556}") = "MSFramework.Ef", "src\MSFramework.Ef\MSFramework.Ef.csproj", "{00BD8E83-A45F-4310-B492-AE40D19CA043}"
EndProject
Project("{9A19103F-16F7-4668-BE54-9A1E7A4F7556}") = "MSFramework.Ef.SqlServer", "src\MSFramework.Ef.SqlServer\MSFramework.Ef.SqlServer.csproj", "{68023604-C776-413B-8AC1-ECEA09391BA2}"
EndProject
Project("{9A19103F-16F7-4668-BE54-9A1E7A4F7556}") = "MSFramework.Ef.MySql", "src\MSFramework.Ef.MySql\MSFramework.Ef.MySql.csproj", "{EC4910EA-309B-4AFF-BE1A-33149A8BCF78}"
EndProject
Project("{9A19103F-16F7-4668-BE54-9A1E7A4F7556}") = "MSFramework.AspNetCore", "src\MSFramework.AspNetCore\MSFramework.AspNetCore.csproj", "{48BC499D-18FA-48A6-A37E-A24ED465A11B}"
EndProject
Project("{FAE04EC0-301F-11D3-BF4B-00C04F79EFBC}") = "Ordering.Application", "src\Ordering.Application\Ordering.Application.csproj", "{5C995DEB-C67C-4414-ADE2-4EA96601698D}"
EndProject
Project("{FAE04EC0-301F-11D3-BF4B-00C04F79EFBC}") = "MSFramework.AutoMapper", "src\MSFramework.AutoMapper\MSFramework.AutoMapper.csproj", "{113A1387-9FB0-458E-A237-4509F11C9B15}"
EndProject
Project("{FAE04EC0-301F-11D3-BF4B-00C04F79EFBC}") = "MSFramework.EventBus.RabbitMQ", "src\MSFramework.EventBus.RabbitMQ\MSFramework.EventBus.RabbitMQ.csproj", "{F12DD37C-9875-4703-807D-864BAA4A8304}"
EndProject
Project("{FAE04EC0-301F-11D3-BF4B-00C04F79EFBC}") = "MSFramework.Ef.PostgreSql", "src\MSFramework.Ef.PostgreSql\MSFramework.Ef.PostgreSql.csproj", "{570C8E10-B66E-4339-8D16-13B5E5D3CEE5}"
EndProject
Project("{FAE04EC0-301F-11D3-BF4B-00C04F79EFBC}") = "MSFramework.AspNetCore.Test", "tests\MSFramework.AspNetCore.Test\MSFramework.AspNetCore.Test.csproj", "{8D5AED8B-8168-47CB-9C09-B832D1C8311E}"
EndProject
Project("{FAE04EC0-301F-11D3-BF4B-00C04F79EFBC}") = "MSFramework.Serialization.Newtonsoft", "src\MSFramework.Serialization.Newtonsoft\MSFramework.Serialization.Newtonsoft.csproj", "{C7271013-C54D-42A3-AAB7-68BA8012EEE0}"
EndProject
Project("{FAE04EC0-301F-11D3-BF4B-00C04F79EFBC}") = "MSFramework.Ef.Design", "src\MSFramework.Ef.Design\MSFramework.Ef.Design.csproj", "{3871A6FD-C712-45FC-B59B-2245DC755246}"
EndProject
Project("{FAE04EC0-301F-11D3-BF4B-00C04F79EFBC}") = "MSFramework.AspNetCore.Swagger", "src\MSFramework.AspNetCore.Swagger\MSFramework.AspNetCore.Swagger.csproj", "{3F82B810-5872-4B96-9DD1-103B76357ED0}"
EndProject
Project("{FAE04EC0-301F-11D3-BF4B-00C04F79EFBC}") = "MSFramework.AspNetCore.AccessControl", "src\MSFramework.AspNetCore.AccessControl\MSFramework.AspNetCore.AccessControl.csproj", "{5B925151-F428-47DB-A528-75508CA3AF22}"
EndProject
Project("{FAE04EC0-301F-11D3-BF4B-00C04F79EFBC}") = "Benchmark", "tests\Benchmark\Benchmark.csproj", "{37E32788-0A5E-43D6-8852-A3A7EAB262F2}"
EndProject
Global
	GlobalSection(SolutionConfigurationPlatforms) = preSolution
		Debug|Any CPU = Debug|Any CPU
		Release|Any CPU = Release|Any CPU
	EndGlobalSection
	GlobalSection(ProjectConfigurationPlatforms) = postSolution
		{1E790E6F-3E16-4221-B646-6BB1C252698F}.Debug|Any CPU.ActiveCfg = Debug|Any CPU
		{1E790E6F-3E16-4221-B646-6BB1C252698F}.Debug|Any CPU.Build.0 = Debug|Any CPU
		{1E790E6F-3E16-4221-B646-6BB1C252698F}.Release|Any CPU.ActiveCfg = Release|Any CPU
		{1E790E6F-3E16-4221-B646-6BB1C252698F}.Release|Any CPU.Build.0 = Release|Any CPU
		{078A8534-7C83-4095-B756-6EBA700DBB12}.Debug|Any CPU.ActiveCfg = Debug|Any CPU
		{078A8534-7C83-4095-B756-6EBA700DBB12}.Debug|Any CPU.Build.0 = Debug|Any CPU
		{078A8534-7C83-4095-B756-6EBA700DBB12}.Release|Any CPU.ActiveCfg = Release|Any CPU
		{078A8534-7C83-4095-B756-6EBA700DBB12}.Release|Any CPU.Build.0 = Release|Any CPU
		{3EAF5009-6B3E-4158-A79B-21DBDD780159}.Debug|Any CPU.ActiveCfg = Debug|Any CPU
		{3EAF5009-6B3E-4158-A79B-21DBDD780159}.Debug|Any CPU.Build.0 = Debug|Any CPU
		{3EAF5009-6B3E-4158-A79B-21DBDD780159}.Release|Any CPU.ActiveCfg = Release|Any CPU
		{3EAF5009-6B3E-4158-A79B-21DBDD780159}.Release|Any CPU.Build.0 = Release|Any CPU
		{1BE72CB2-082D-499B-BA03-3170DDD45657}.Debug|Any CPU.ActiveCfg = Debug|Any CPU
		{1BE72CB2-082D-499B-BA03-3170DDD45657}.Debug|Any CPU.Build.0 = Debug|Any CPU
		{1BE72CB2-082D-499B-BA03-3170DDD45657}.Release|Any CPU.ActiveCfg = Release|Any CPU
		{1BE72CB2-082D-499B-BA03-3170DDD45657}.Release|Any CPU.Build.0 = Release|Any CPU
		{08D3B5A7-23B5-4CBB-9401-5CEFB120D913}.Debug|Any CPU.ActiveCfg = Debug|Any CPU
		{08D3B5A7-23B5-4CBB-9401-5CEFB120D913}.Debug|Any CPU.Build.0 = Debug|Any CPU
		{08D3B5A7-23B5-4CBB-9401-5CEFB120D913}.Release|Any CPU.ActiveCfg = Release|Any CPU
		{08D3B5A7-23B5-4CBB-9401-5CEFB120D913}.Release|Any CPU.Build.0 = Release|Any CPU
		{00BD8E83-A45F-4310-B492-AE40D19CA043}.Debug|Any CPU.ActiveCfg = Debug|Any CPU
		{00BD8E83-A45F-4310-B492-AE40D19CA043}.Debug|Any CPU.Build.0 = Debug|Any CPU
		{00BD8E83-A45F-4310-B492-AE40D19CA043}.Release|Any CPU.ActiveCfg = Release|Any CPU
		{00BD8E83-A45F-4310-B492-AE40D19CA043}.Release|Any CPU.Build.0 = Release|Any CPU
		{68023604-C776-413B-8AC1-ECEA09391BA2}.Debug|Any CPU.ActiveCfg = Debug|Any CPU
		{68023604-C776-413B-8AC1-ECEA09391BA2}.Debug|Any CPU.Build.0 = Debug|Any CPU
		{68023604-C776-413B-8AC1-ECEA09391BA2}.Release|Any CPU.ActiveCfg = Release|Any CPU
		{68023604-C776-413B-8AC1-ECEA09391BA2}.Release|Any CPU.Build.0 = Release|Any CPU
		{EC4910EA-309B-4AFF-BE1A-33149A8BCF78}.Debug|Any CPU.ActiveCfg = Debug|Any CPU
		{EC4910EA-309B-4AFF-BE1A-33149A8BCF78}.Debug|Any CPU.Build.0 = Debug|Any CPU
		{EC4910EA-309B-4AFF-BE1A-33149A8BCF78}.Release|Any CPU.ActiveCfg = Release|Any CPU
		{EC4910EA-309B-4AFF-BE1A-33149A8BCF78}.Release|Any CPU.Build.0 = Release|Any CPU
		{48BC499D-18FA-48A6-A37E-A24ED465A11B}.Debug|Any CPU.ActiveCfg = Debug|Any CPU
		{48BC499D-18FA-48A6-A37E-A24ED465A11B}.Debug|Any CPU.Build.0 = Debug|Any CPU
		{48BC499D-18FA-48A6-A37E-A24ED465A11B}.Release|Any CPU.ActiveCfg = Release|Any CPU
		{48BC499D-18FA-48A6-A37E-A24ED465A11B}.Release|Any CPU.Build.0 = Release|Any CPU
		{5C995DEB-C67C-4414-ADE2-4EA96601698D}.Debug|Any CPU.ActiveCfg = Debug|Any CPU
		{5C995DEB-C67C-4414-ADE2-4EA96601698D}.Debug|Any CPU.Build.0 = Debug|Any CPU
		{5C995DEB-C67C-4414-ADE2-4EA96601698D}.Release|Any CPU.ActiveCfg = Release|Any CPU
		{5C995DEB-C67C-4414-ADE2-4EA96601698D}.Release|Any CPU.Build.0 = Release|Any CPU
		{113A1387-9FB0-458E-A237-4509F11C9B15}.Debug|Any CPU.ActiveCfg = Debug|Any CPU
		{113A1387-9FB0-458E-A237-4509F11C9B15}.Debug|Any CPU.Build.0 = Debug|Any CPU
		{113A1387-9FB0-458E-A237-4509F11C9B15}.Release|Any CPU.ActiveCfg = Release|Any CPU
		{113A1387-9FB0-458E-A237-4509F11C9B15}.Release|Any CPU.Build.0 = Release|Any CPU
		{F12DD37C-9875-4703-807D-864BAA4A8304}.Debug|Any CPU.ActiveCfg = Debug|Any CPU
		{F12DD37C-9875-4703-807D-864BAA4A8304}.Debug|Any CPU.Build.0 = Debug|Any CPU
		{F12DD37C-9875-4703-807D-864BAA4A8304}.Release|Any CPU.ActiveCfg = Release|Any CPU
		{F12DD37C-9875-4703-807D-864BAA4A8304}.Release|Any CPU.Build.0 = Release|Any CPU
		{570C8E10-B66E-4339-8D16-13B5E5D3CEE5}.Debug|Any CPU.ActiveCfg = Debug|Any CPU
		{570C8E10-B66E-4339-8D16-13B5E5D3CEE5}.Debug|Any CPU.Build.0 = Debug|Any CPU
		{570C8E10-B66E-4339-8D16-13B5E5D3CEE5}.Release|Any CPU.ActiveCfg = Release|Any CPU
		{570C8E10-B66E-4339-8D16-13B5E5D3CEE5}.Release|Any CPU.Build.0 = Release|Any CPU
		{8D5AED8B-8168-47CB-9C09-B832D1C8311E}.Debug|Any CPU.ActiveCfg = Debug|Any CPU
		{8D5AED8B-8168-47CB-9C09-B832D1C8311E}.Debug|Any CPU.Build.0 = Debug|Any CPU
		{8D5AED8B-8168-47CB-9C09-B832D1C8311E}.Release|Any CPU.ActiveCfg = Release|Any CPU
		{8D5AED8B-8168-47CB-9C09-B832D1C8311E}.Release|Any CPU.Build.0 = Release|Any CPU
		{C7271013-C54D-42A3-AAB7-68BA8012EEE0}.Debug|Any CPU.ActiveCfg = Debug|Any CPU
		{C7271013-C54D-42A3-AAB7-68BA8012EEE0}.Debug|Any CPU.Build.0 = Debug|Any CPU
		{C7271013-C54D-42A3-AAB7-68BA8012EEE0}.Release|Any CPU.ActiveCfg = Release|Any CPU
		{C7271013-C54D-42A3-AAB7-68BA8012EEE0}.Release|Any CPU.Build.0 = Release|Any CPU
		{3871A6FD-C712-45FC-B59B-2245DC755246}.Debug|Any CPU.ActiveCfg = Debug|Any CPU
		{3871A6FD-C712-45FC-B59B-2245DC755246}.Debug|Any CPU.Build.0 = Debug|Any CPU
		{3871A6FD-C712-45FC-B59B-2245DC755246}.Release|Any CPU.ActiveCfg = Release|Any CPU
		{3871A6FD-C712-45FC-B59B-2245DC755246}.Release|Any CPU.Build.0 = Release|Any CPU
		{3F82B810-5872-4B96-9DD1-103B76357ED0}.Debug|Any CPU.ActiveCfg = Debug|Any CPU
		{3F82B810-5872-4B96-9DD1-103B76357ED0}.Debug|Any CPU.Build.0 = Debug|Any CPU
		{3F82B810-5872-4B96-9DD1-103B76357ED0}.Release|Any CPU.ActiveCfg = Release|Any CPU
		{3F82B810-5872-4B96-9DD1-103B76357ED0}.Release|Any CPU.Build.0 = Release|Any CPU
		{5B925151-F428-47DB-A528-75508CA3AF22}.Debug|Any CPU.ActiveCfg = Debug|Any CPU
		{5B925151-F428-47DB-A528-75508CA3AF22}.Debug|Any CPU.Build.0 = Debug|Any CPU
		{5B925151-F428-47DB-A528-75508CA3AF22}.Release|Any CPU.ActiveCfg = Release|Any CPU
		{5B925151-F428-47DB-A528-75508CA3AF22}.Release|Any CPU.Build.0 = Release|Any CPU
		{37E32788-0A5E-43D6-8852-A3A7EAB262F2}.Debug|Any CPU.ActiveCfg = Debug|Any CPU
		{37E32788-0A5E-43D6-8852-A3A7EAB262F2}.Debug|Any CPU.Build.0 = Debug|Any CPU
		{37E32788-0A5E-43D6-8852-A3A7EAB262F2}.Release|Any CPU.ActiveCfg = Release|Any CPU
		{37E32788-0A5E-43D6-8852-A3A7EAB262F2}.Release|Any CPU.Build.0 = Release|Any CPU
	EndGlobalSection
	GlobalSection(SolutionProperties) = preSolution
		HideSolutionNode = FALSE
	EndGlobalSection
	GlobalSection(NestedProjects) = preSolution
		{1E790E6F-3E16-4221-B646-6BB1C252698F} = {AFD16F00-F810-4A3C-BA74-59BBFBC2469D}
		{078A8534-7C83-4095-B756-6EBA700DBB12} = {0CEB99EE-969C-4A1D-841F-D22E4ADCC5F1}
		{AFD16F00-F810-4A3C-BA74-59BBFBC2469D} = {BC00DC54-17AB-455D-AE75-FDF74923FC13}
		{6B2B536E-98CD-49AB-953C-A77611C06C9B} = {BC00DC54-17AB-455D-AE75-FDF74923FC13}
		{47747049-F28E-4474-B09F-E98147F91C83} = {6B2B536E-98CD-49AB-953C-A77611C06C9B}
		{3EAF5009-6B3E-4158-A79B-21DBDD780159} = {47747049-F28E-4474-B09F-E98147F91C83}
		{1BE72CB2-082D-499B-BA03-3170DDD45657} = {47747049-F28E-4474-B09F-E98147F91C83}
		{08D3B5A7-23B5-4CBB-9401-5CEFB120D913} = {47747049-F28E-4474-B09F-E98147F91C83}
		{00BD8E83-A45F-4310-B492-AE40D19CA043} = {AFD16F00-F810-4A3C-BA74-59BBFBC2469D}
		{68023604-C776-413B-8AC1-ECEA09391BA2} = {AFD16F00-F810-4A3C-BA74-59BBFBC2469D}
		{EC4910EA-309B-4AFF-BE1A-33149A8BCF78} = {AFD16F00-F810-4A3C-BA74-59BBFBC2469D}
		{48BC499D-18FA-48A6-A37E-A24ED465A11B} = {AFD16F00-F810-4A3C-BA74-59BBFBC2469D}
		{5C995DEB-C67C-4414-ADE2-4EA96601698D} = {47747049-F28E-4474-B09F-E98147F91C83}
		{113A1387-9FB0-458E-A237-4509F11C9B15} = {AFD16F00-F810-4A3C-BA74-59BBFBC2469D}
		{F12DD37C-9875-4703-807D-864BAA4A8304} = {AFD16F00-F810-4A3C-BA74-59BBFBC2469D}
		{570C8E10-B66E-4339-8D16-13B5E5D3CEE5} = {AFD16F00-F810-4A3C-BA74-59BBFBC2469D}
		{8D5AED8B-8168-47CB-9C09-B832D1C8311E} = {0CEB99EE-969C-4A1D-841F-D22E4ADCC5F1}
		{C7271013-C54D-42A3-AAB7-68BA8012EEE0} = {AFD16F00-F810-4A3C-BA74-59BBFBC2469D}
		{3871A6FD-C712-45FC-B59B-2245DC755246} = {AFD16F00-F810-4A3C-BA74-59BBFBC2469D}
		{3F82B810-5872-4B96-9DD1-103B76357ED0} = {AFD16F00-F810-4A3C-BA74-59BBFBC2469D}
		{5B925151-F428-47DB-A528-75508CA3AF22} = {AFD16F00-F810-4A3C-BA74-59BBFBC2469D}
		{37E32788-0A5E-43D6-8852-A3A7EAB262F2} = {0CEB99EE-969C-4A1D-841F-D22E4ADCC5F1}
	EndGlobalSection
	GlobalSection(ExtensibilityGlobals) = postSolution
		SolutionGuid = {BE296FC5-5695-4FE5-9BAE-7168B9BACB47}
	EndGlobalSection
EndGlobal
