
Microsoft Visual Studio Solution File, Format Version 12.00
Project("{2150E333-8FDC-42A3-9474-1A3956D46DE8}") = "tests", "tests", "{0CEB99EE-969C-4A1D-841F-D22E4ADCC5F1}"
EndProject
Project("{FAE04EC0-301F-11D3-BF4B-00C04F79EFBC}") = "MSFramework", "src\MSFramework\MSFramework.csproj", "{1E790E6F-3E16-4221-B646-6BB1C252698F}"
EndProject
Project("{FAE04EC0-301F-11D3-BF4B-00C04F79EFBC}") = "MSFramework.Tests", "tests\MSFramework.Tests\MSFramework.Tests.csproj", "{078A8534-7C83-4095-B756-6EBA700DBB12}"
EndProject
Project("{2150E333-8FDC-42A3-9474-1A3956D46DE8}") = "Solution Items", "Solution Items", "{BC443640-DE89-431B-AD8F-061AA22C8654}"
ProjectSection(SolutionItems) = preProject
	README.md = README.md
	.editorconfig = .editorconfig
EndProjectSection
EndProject
Global
	GlobalSection(SolutionConfigurationPlatforms) = preSolution
		Debug|Any CPU = Debug|Any CPU
		Release|Any CPU = Release|Any CPU
	EndGlobalSection
	GlobalSection(ProjectConfigurationPlatforms) = postSolution
		{1E790E6F-3E16-4221-B646-6BB1C252698F}.Debug|Any CPU.ActiveCfg = Debug|Any CPU
		{1E790E6F-3E16-4221-B646-6BB1C252698F}.Debug|Any CPU.Build.0 = Debug|Any CPU
		{1E790E6F-3E16-4221-B646-6BB1C252698F}.Release|Any CPU.ActiveCfg = Release|Any CPU
		{1E790E6F-3E16-4221-B646-6BB1C252698F}.Release|Any CPU.Build.0 = Release|Any CPU
		{078A8534-7C83-4095-B756-6EBA700DBB12}.Debug|Any CPU.ActiveCfg = Debug|Any CPU
		{078A8534-7C83-4095-B756-6EBA700DBB12}.Debug|Any CPU.Build.0 = Debug|Any CPU
		{078A8534-7C83-4095-B756-6EBA700DBB12}.Release|Any CPU.ActiveCfg = Release|Any CPU
		{078A8534-7C83-4095-B756-6EBA700DBB12}.Release|Any CPU.Build.0 = Release|Any CPU
	EndGlobalSection
	GlobalSection(NestedProjects) = preSolution
		{078A8534-7C83-4095-B756-6EBA700DBB12} = {0CEB99EE-969C-4A1D-841F-D22E4ADCC5F1}
	EndGlobalSection
EndGlobal
