
Microsoft Visual Studio Solution File, Format Version 12.00
# Visual Studio Version 16
VisualStudioVersion = 16.0.28803.202
MinimumVisualStudioVersion = 10.0.40219.1
Project("{2150E333-8FDC-42A3-9474-1A3956D46DE8}") = "tests", "tests", "{0CEB99EE-969C-4A1D-841F-D22E4ADCC5F1}"
EndProject
Project("{9A19103F-16F7-4668-BE54-9A1E7A4F7556}") = "MSFramework", "src\MSFramework\MSFramework.csproj", "{1E790E6F-3E16-4221-B646-6BB1C252698F}"
EndProject
Project("{9A19103F-16F7-4668-BE54-9A1E7A4F7556}") = "MSFramework.Tests", "tests\MSFramework.Tests\MSFramework.Tests.csproj", "{078A8534-7C83-4095-B756-6EBA700DBB12}"
EndProject
Project("{2150E333-8FDC-42A3-9474-1A3956D46DE8}") = "Solution Items", "Solution Items", "{BC443640-DE89-431B-AD8F-061AA22C8654}"
	ProjectSection(SolutionItems) = preProject
		.editorconfig = .editorconfig
		.gitignore = .gitignore
		LICENSE = LICENSE
		publish_nuget_packages.sh = publish_nuget_packages.sh
		README.md = README.md
	EndProjectSection
EndProject
Project("{2150E333-8FDC-42A3-9474-1A3956D46DE8}") = "src", "src", "{BC00DC54-17AB-455D-AE75-FDF74923FC13}"
EndProject
Project("{2150E333-8FDC-42A3-9474-1A3956D46DE8}") = "01 - Infrastructures", "01 - Infrastructures", "{AFD16F00-F810-4A3C-BA74-59BBFBC2469D}"
EndProject
Project("{2150E333-8FDC-42A3-9474-1A3956D46DE8}") = "02 - Services", "02 - Services", "{6B2B536E-98CD-49AB-953C-A77611C06C9B}"
EndProject
Project("{2150E333-8FDC-42A3-9474-1A3956D46DE8}") = "03 - Presentations", "03 - Presentations", "{09937860-AC15-416E-B9E1-2BC7041E4A39}"
EndProject
Project("{2150E333-8FDC-42A3-9474-1A3956D46DE8}") = "04 - ApiGateways", "04 - ApiGateways", "{BF9F54D8-F05A-47F6-AC79-A2577DF16F73}"
EndProject
Project("{9A19103F-16F7-4668-BE54-9A1E7A4F7556}") = "MSFramework.EventBus.RabbitMQ", "src\MSFramework.EventBus.RabbitMQ\MSFramework.EventBus.RabbitMQ.csproj", "{1B602FD8-0670-47CB-B626-3238292A279E}"
EndProject
Project("{2150E333-8FDC-42A3-9474-1A3956D46DE8}") = "Ordering", "Ordering", "{47747049-F28E-4474-B09F-E98147F91C83}"
EndProject
Project("{9A19103F-16F7-4668-BE54-9A1E7A4F7556}") = "Ordering.Infrastructure", "src\Ordering.Infrastructure\Ordering.Infrastructure.csproj", "{3EAF5009-6B3E-4158-A79B-21DBDD780159}"
EndProject
Project("{9A19103F-16F7-4668-BE54-9A1E7A4F7556}") = "Ordering.Domain", "src\Ordering.Domain\Ordering.Domain.csproj", "{1BE72CB2-082D-499B-BA03-3170DDD45657}"
EndProject
Project("{9A19103F-16F7-4668-BE54-9A1E7A4F7556}") = "Ordering.API", "src\Ordering.API\Ordering.API.csproj", "{08D3B5A7-23B5-4CBB-9401-5CEFB120D913}"
EndProject
Project("{9A19103F-16F7-4668-BE54-9A1E7A4F7556}") = "MSFramework.EntityFrameworkCore", "src\MSFramework.EntityFrameworkCore\MSFramework.EntityFrameworkCore.csproj", "{00BD8E83-A45F-4310-B492-AE40D19CA043}"
EndProject
Project("{9A19103F-16F7-4668-BE54-9A1E7A4F7556}") = "MSFramework.EntityFrameworkCore.SqlServer", "src\MSFramework.EntityFrameworkCore.SqlServer\MSFramework.EntityFrameworkCore.SqlServer.csproj", "{68023604-C776-413B-8AC1-ECEA09391BA2}"
EndProject
Project("{9A19103F-16F7-4668-BE54-9A1E7A4F7556}") = "MSFramework.EntityFrameworkCore.MySql", "src\MSFramework.EntityFrameworkCore.MySql\MSFramework.EntityFrameworkCore.MySql.csproj", "{EC4910EA-309B-4AFF-BE1A-33149A8BCF78}"
EndProject
Project("{9A19103F-16F7-4668-BE54-9A1E7A4F7556}") = "MSFramework.EventSouring.EntityFrameworkCore", "src\MSFramework.EventSouring.EntityFrameworkCore\MSFramework.EventSouring.EntityFrameworkCore.csproj", "{DA65E128-8BB2-488B-ACE2-F31ADE708EBB}"
EndProject
Project("{2150E333-8FDC-42A3-9474-1A3956D46DE8}") = "ServicePlan", "ServicePlan", "{457241A3-B83C-4E2C-9BD5-72421190AD51}"
EndProject
Project("{FAE04EC0-301F-11D3-BF4B-00C04F79EFBC}") = "ServicePlan.Domain", "src\ServicePlan.Domain\ServicePlan.Domain.csproj", "{12F4E336-5A60-4E5D-A7F8-22E5EB77EBA1}"
EndProject
Project("{FAE04EC0-301F-11D3-BF4B-00C04F79EFBC}") = "ServicePlan.API", "src\ServicePlan.API\ServicePlan.API.csproj", "{A0D6C112-68EB-4EF0-8C70-E0BBAF979CEE}"
EndProject
Project("{FAE04EC0-301F-11D3-BF4B-00C04F79EFBC}") = "MSFramework.AspNetCore", "src\MSFramework.AspNetCore\MSFramework.AspNetCore.csproj", "{48BC499D-18FA-48A6-A37E-A24ED465A11B}"
EndProject
Global
	GlobalSection(SolutionConfigurationPlatforms) = preSolution
		Debug|Any CPU = Debug|Any CPU
		Release|Any CPU = Release|Any CPU
	EndGlobalSection
	GlobalSection(ProjectConfigurationPlatforms) = postSolution
		{1E790E6F-3E16-4221-B646-6BB1C252698F}.Debug|Any CPU.ActiveCfg = Debug|Any CPU
		{1E790E6F-3E16-4221-B646-6BB1C252698F}.Debug|Any CPU.Build.0 = Debug|Any CPU
		{1E790E6F-3E16-4221-B646-6BB1C252698F}.Release|Any CPU.ActiveCfg = Release|Any CPU
		{1E790E6F-3E16-4221-B646-6BB1C252698F}.Release|Any CPU.Build.0 = Release|Any CPU
		{078A8534-7C83-4095-B756-6EBA700DBB12}.Debug|Any CPU.ActiveCfg = Debug|Any CPU
		{078A8534-7C83-4095-B756-6EBA700DBB12}.Debug|Any CPU.Build.0 = Debug|Any CPU
		{078A8534-7C83-4095-B756-6EBA700DBB12}.Release|Any CPU.ActiveCfg = Release|Any CPU
		{078A8534-7C83-4095-B756-6EBA700DBB12}.Release|Any CPU.Build.0 = Release|Any CPU
		{1B602FD8-0670-47CB-B626-3238292A279E}.Debug|Any CPU.ActiveCfg = Debug|Any CPU
		{1B602FD8-0670-47CB-B626-3238292A279E}.Debug|Any CPU.Build.0 = Debug|Any CPU
		{1B602FD8-0670-47CB-B626-3238292A279E}.Release|Any CPU.ActiveCfg = Release|Any CPU
		{1B602FD8-0670-47CB-B626-3238292A279E}.Release|Any CPU.Build.0 = Release|Any CPU
		{3EAF5009-6B3E-4158-A79B-21DBDD780159}.Debug|Any CPU.ActiveCfg = Debug|Any CPU
		{3EAF5009-6B3E-4158-A79B-21DBDD780159}.Debug|Any CPU.Build.0 = Debug|Any CPU
		{3EAF5009-6B3E-4158-A79B-21DBDD780159}.Release|Any CPU.ActiveCfg = Release|Any CPU
		{3EAF5009-6B3E-4158-A79B-21DBDD780159}.Release|Any CPU.Build.0 = Release|Any CPU
		{1BE72CB2-082D-499B-BA03-3170DDD45657}.Debug|Any CPU.ActiveCfg = Debug|Any CPU
		{1BE72CB2-082D-499B-BA03-3170DDD45657}.Debug|Any CPU.Build.0 = Debug|Any CPU
		{1BE72CB2-082D-499B-BA03-3170DDD45657}.Release|Any CPU.ActiveCfg = Release|Any CPU
		{1BE72CB2-082D-499B-BA03-3170DDD45657}.Release|Any CPU.Build.0 = Release|Any CPU
		{08D3B5A7-23B5-4CBB-9401-5CEFB120D913}.Debug|Any CPU.ActiveCfg = Debug|Any CPU
		{08D3B5A7-23B5-4CBB-9401-5CEFB120D913}.Debug|Any CPU.Build.0 = Debug|Any CPU
		{08D3B5A7-23B5-4CBB-9401-5CEFB120D913}.Release|Any CPU.ActiveCfg = Release|Any CPU
		{08D3B5A7-23B5-4CBB-9401-5CEFB120D913}.Release|Any CPU.Build.0 = Release|Any CPU
		{00BD8E83-A45F-4310-B492-AE40D19CA043}.Debug|Any CPU.ActiveCfg = Debug|Any CPU
		{00BD8E83-A45F-4310-B492-AE40D19CA043}.Debug|Any CPU.Build.0 = Debug|Any CPU
		{00BD8E83-A45F-4310-B492-AE40D19CA043}.Release|Any CPU.ActiveCfg = Release|Any CPU
		{00BD8E83-A45F-4310-B492-AE40D19CA043}.Release|Any CPU.Build.0 = Release|Any CPU
		{68023604-C776-413B-8AC1-ECEA09391BA2}.Debug|Any CPU.ActiveCfg = Debug|Any CPU
		{68023604-C776-413B-8AC1-ECEA09391BA2}.Debug|Any CPU.Build.0 = Debug|Any CPU
		{68023604-C776-413B-8AC1-ECEA09391BA2}.Release|Any CPU.ActiveCfg = Release|Any CPU
		{68023604-C776-413B-8AC1-ECEA09391BA2}.Release|Any CPU.Build.0 = Release|Any CPU
		{EC4910EA-309B-4AFF-BE1A-33149A8BCF78}.Debug|Any CPU.ActiveCfg = Debug|Any CPU
		{EC4910EA-309B-4AFF-BE1A-33149A8BCF78}.Debug|Any CPU.Build.0 = Debug|Any CPU
		{EC4910EA-309B-4AFF-BE1A-33149A8BCF78}.Release|Any CPU.ActiveCfg = Release|Any CPU
		{EC4910EA-309B-4AFF-BE1A-33149A8BCF78}.Release|Any CPU.Build.0 = Release|Any CPU
		{DA65E128-8BB2-488B-ACE2-F31ADE708EBB}.Debug|Any CPU.ActiveCfg = Debug|Any CPU
		{DA65E128-8BB2-488B-ACE2-F31ADE708EBB}.Debug|Any CPU.Build.0 = Debug|Any CPU
		{DA65E128-8BB2-488B-ACE2-F31ADE708EBB}.Release|Any CPU.ActiveCfg = Release|Any CPU
		{DA65E128-8BB2-488B-ACE2-F31ADE708EBB}.Release|Any CPU.Build.0 = Release|Any CPU
		{12F4E336-5A60-4E5D-A7F8-22E5EB77EBA1}.Debug|Any CPU.ActiveCfg = Debug|Any CPU
		{12F4E336-5A60-4E5D-A7F8-22E5EB77EBA1}.Debug|Any CPU.Build.0 = Debug|Any CPU
		{12F4E336-5A60-4E5D-A7F8-22E5EB77EBA1}.Release|Any CPU.ActiveCfg = Release|Any CPU
		{12F4E336-5A60-4E5D-A7F8-22E5EB77EBA1}.Release|Any CPU.Build.0 = Release|Any CPU
		{A0D6C112-68EB-4EF0-8C70-E0BBAF979CEE}.Debug|Any CPU.ActiveCfg = Debug|Any CPU
		{A0D6C112-68EB-4EF0-8C70-E0BBAF979CEE}.Debug|Any CPU.Build.0 = Debug|Any CPU
		{A0D6C112-68EB-4EF0-8C70-E0BBAF979CEE}.Release|Any CPU.ActiveCfg = Release|Any CPU
		{A0D6C112-68EB-4EF0-8C70-E0BBAF979CEE}.Release|Any CPU.Build.0 = Release|Any CPU
	EndGlobalSection
	GlobalSection(SolutionProperties) = preSolution
		HideSolutionNode = FALSE
	EndGlobalSection
	GlobalSection(NestedProjects) = preSolution
		{1E790E6F-3E16-4221-B646-6BB1C252698F} = {AFD16F00-F810-4A3C-BA74-59BBFBC2469D}
		{078A8534-7C83-4095-B756-6EBA700DBB12} = {0CEB99EE-969C-4A1D-841F-D22E4ADCC5F1}
		{AFD16F00-F810-4A3C-BA74-59BBFBC2469D} = {BC00DC54-17AB-455D-AE75-FDF74923FC13}
		{6B2B536E-98CD-49AB-953C-A77611C06C9B} = {BC00DC54-17AB-455D-AE75-FDF74923FC13}
		{09937860-AC15-416E-B9E1-2BC7041E4A39} = {BC00DC54-17AB-455D-AE75-FDF74923FC13}
		{BF9F54D8-F05A-47F6-AC79-A2577DF16F73} = {BC00DC54-17AB-455D-AE75-FDF74923FC13}
		{1B602FD8-0670-47CB-B626-3238292A279E} = {AFD16F00-F810-4A3C-BA74-59BBFBC2469D}
		{47747049-F28E-4474-B09F-E98147F91C83} = {6B2B536E-98CD-49AB-953C-A77611C06C9B}
		{3EAF5009-6B3E-4158-A79B-21DBDD780159} = {47747049-F28E-4474-B09F-E98147F91C83}
		{1BE72CB2-082D-499B-BA03-3170DDD45657} = {47747049-F28E-4474-B09F-E98147F91C83}
		{08D3B5A7-23B5-4CBB-9401-5CEFB120D913} = {47747049-F28E-4474-B09F-E98147F91C83}
		{00BD8E83-A45F-4310-B492-AE40D19CA043} = {AFD16F00-F810-4A3C-BA74-59BBFBC2469D}
		{68023604-C776-413B-8AC1-ECEA09391BA2} = {AFD16F00-F810-4A3C-BA74-59BBFBC2469D}
		{EC4910EA-309B-4AFF-BE1A-33149A8BCF78} = {AFD16F00-F810-4A3C-BA74-59BBFBC2469D}
		{DA65E128-8BB2-488B-ACE2-F31ADE708EBB} = {AFD16F00-F810-4A3C-BA74-59BBFBC2469D}
		{457241A3-B83C-4E2C-9BD5-72421190AD51} = {6B2B536E-98CD-49AB-953C-A77611C06C9B}
		{12F4E336-5A60-4E5D-A7F8-22E5EB77EBA1} = {457241A3-B83C-4E2C-9BD5-72421190AD51}
		{A0D6C112-68EB-4EF0-8C70-E0BBAF979CEE} = {457241A3-B83C-4E2C-9BD5-72421190AD51}
	EndGlobalSection
	GlobalSection(ExtensibilityGlobals) = postSolution
		SolutionGuid = {BE296FC5-5695-4FE5-9BAE-7168B9BACB47}
	EndGlobalSection
EndGlobal
